
Microsoft Visual Studio Solution File, Format Version 11.00
# Visual Studio 2010
Project("{FAE04EC0-301F-11D3-BF4B-00C04F79EFBC}") = "Zenject", "Zenject.csproj", "{fd3cd0f6-3535-74e0-f907-726fb64eab03}"
EndProject
Project("{FAE04EC0-301F-11D3-BF4B-00C04F79EFBC}") = "Zenject-UnitTests-Editor", "Zenject-UnitTests-Editor.csproj", "{1735caa6-b0ca-92ca-9dc2-05746db5b0d2}"
EndProject
Project("{FAE04EC0-301F-11D3-BF4B-00C04F79EFBC}") = "Zenject-IntegrationTests", "Zenject-IntegrationTests.csproj", "{927d01a9-2bea-dcea-b782-4f8f6c7dd10a}"
EndProject
Project("{FAE04EC0-301F-11D3-BF4B-00C04F79EFBC}") = "UniTask.Linq", "UniTask.Linq.csproj", "{df747aef-64ad-8a42-ebb6-7828a3369db7}"
EndProject
Project("{FAE04EC0-301F-11D3-BF4B-00C04F79EFBC}") = "UniRx", "UniRx.csproj", "{32a7108f-5ba8-1015-f93d-dc1e036f1e71}"
EndProject
Project("{FAE04EC0-301F-11D3-BF4B-00C04F79EFBC}") = "UniTask", "UniTask.csproj", "{7aa29bcf-b082-78f5-f2a7-2aca1e0af2d5}"
EndProject
Project("{FAE04EC0-301F-11D3-BF4B-00C04F79EFBC}") = "Zenject-IntegrationTests-Editor", "Zenject-IntegrationTests-Editor.csproj", "{08e65bc4-f94a-2b6f-1f67-298650ecfbc1}"
EndProject
Project("{FAE04EC0-301F-11D3-BF4B-00C04F79EFBC}") = "Zenject-ReflectionBaking-Editor", "Zenject-ReflectionBaking-Editor.csproj", "{f0ad828f-d725-ceda-dbb1-609f627944c4}"
EndProject
Project("{FAE04EC0-301F-11D3-BF4B-00C04F79EFBC}") = "Assembly-CSharp", "Assembly-CSharp.csproj", "{66780076-311a-9225-bd0f-37fc62445800}"
EndProject
Project("{FAE04EC0-301F-11D3-BF4B-00C04F79EFBC}") = "Zenject-Editor", "Zenject-Editor.csproj", "{0b3ca4a7-b4c7-1337-e952-f2508da688ee}"
EndProject
Project("{FAE04EC0-301F-11D3-BF4B-00C04F79EFBC}") = "UniRx.Examples", "UniRx.Examples.csproj", "{46322f4a-0249-65b7-1016-6b87c0599c27}"
EndProject
Project("{FAE04EC0-301F-11D3-BF4B-00C04F79EFBC}") = "UniTask.Addressables", "UniTask.Addressables.csproj", "{09b6456b-8395-6d5d-ae3e-1a8e87ff3296}"
EndProject
Project("{FAE04EC0-301F-11D3-BF4B-00C04F79EFBC}") = "Zenject-TestFramework", "Zenject-TestFramework.csproj", "{74b65e3d-5905-4073-577c-2a33f16dd1b1}"
EndProject
Project("{FAE04EC0-301F-11D3-BF4B-00C04F79EFBC}") = "UniTask.TextMeshPro", "UniTask.TextMeshPro.csproj", "{c0e51888-8816-14d4-8666-5f434a335aab}"
EndProject
Project("{FAE04EC0-301F-11D3-BF4B-00C04F79EFBC}") = "Zenject-PoolMonitor-Editor", "Zenject-PoolMonitor-Editor.csproj", "{0358d45b-9ffa-9324-a525-7ea135789f03}"
EndProject
Project("{FAE04EC0-301F-11D3-BF4B-00C04F79EFBC}") = "UniTask.DOTween", "UniTask.DOTween.csproj", "{92c67bf5-0302-54d9-e97e-331ef33770c8}"
EndProject
Project("{FAE04EC0-301F-11D3-BF4B-00C04F79EFBC}") = "UniTask.Editor", "UniTask.Editor.csproj", "{8540ade6-cbef-bb4e-c22a-bb7cdef535b3}"
EndProject
Project("{FAE04EC0-301F-11D3-BF4B-00C04F79EFBC}") = "Assembly-CSharp-firstpass", "Assembly-CSharp-firstpass.csproj", "{820fb813-e843-32a5-8a54-5fed64fd7d9a}"
EndProject
Global
	GlobalSection(SolutionConfigurationPlatforms) = preSolution
		Debug|Any CPU = Debug|Any CPU
	EndGlobalSection
	GlobalSection(ProjectConfigurationPlatforms) = postSolution
		{fd3cd0f6-3535-74e0-f907-726fb64eab03}.Debug|Any CPU.ActiveCfg = Debug|Any CPU
		{fd3cd0f6-3535-74e0-f907-726fb64eab03}.Debug|Any CPU.Build.0 = Debug|Any CPU
		{1735caa6-b0ca-92ca-9dc2-05746db5b0d2}.Debug|Any CPU.ActiveCfg = Debug|Any CPU
		{1735caa6-b0ca-92ca-9dc2-05746db5b0d2}.Debug|Any CPU.Build.0 = Debug|Any CPU
		{927d01a9-2bea-dcea-b782-4f8f6c7dd10a}.Debug|Any CPU.ActiveCfg = Debug|Any CPU
		{927d01a9-2bea-dcea-b782-4f8f6c7dd10a}.Debug|Any CPU.Build.0 = Debug|Any CPU
		{df747aef-64ad-8a42-ebb6-7828a3369db7}.Debug|Any CPU.ActiveCfg = Debug|Any CPU
		{df747aef-64ad-8a42-ebb6-7828a3369db7}.Debug|Any CPU.Build.0 = Debug|Any CPU
		{32a7108f-5ba8-1015-f93d-dc1e036f1e71}.Debug|Any CPU.ActiveCfg = Debug|Any CPU
		{32a7108f-5ba8-1015-f93d-dc1e036f1e71}.Debug|Any CPU.Build.0 = Debug|Any CPU
		{7aa29bcf-b082-78f5-f2a7-2aca1e0af2d5}.Debug|Any CPU.ActiveCfg = Debug|Any CPU
		{7aa29bcf-b082-78f5-f2a7-2aca1e0af2d5}.Debug|Any CPU.Build.0 = Debug|Any CPU
		{08e65bc4-f94a-2b6f-1f67-298650ecfbc1}.Debug|Any CPU.ActiveCfg = Debug|Any CPU
		{08e65bc4-f94a-2b6f-1f67-298650ecfbc1}.Debug|Any CPU.Build.0 = Debug|Any CPU
		{f0ad828f-d725-ceda-dbb1-609f627944c4}.Debug|Any CPU.ActiveCfg = Debug|Any CPU
		{f0ad828f-d725-ceda-dbb1-609f627944c4}.Debug|Any CPU.Build.0 = Debug|Any CPU
		{66780076-311a-9225-bd0f-37fc62445800}.Debug|Any CPU.ActiveCfg = Debug|Any CPU
		{66780076-311a-9225-bd0f-37fc62445800}.Debug|Any CPU.Build.0 = Debug|Any CPU
		{0b3ca4a7-b4c7-1337-e952-f2508da688ee}.Debug|Any CPU.ActiveCfg = Debug|Any CPU
		{0b3ca4a7-b4c7-1337-e952-f2508da688ee}.Debug|Any CPU.Build.0 = Debug|Any CPU
		{46322f4a-0249-65b7-1016-6b87c0599c27}.Debug|Any CPU.ActiveCfg = Debug|Any CPU
		{46322f4a-0249-65b7-1016-6b87c0599c27}.Debug|Any CPU.Build.0 = Debug|Any CPU
		{09b6456b-8395-6d5d-ae3e-1a8e87ff3296}.Debug|Any CPU.ActiveCfg = Debug|Any CPU
		{09b6456b-8395-6d5d-ae3e-1a8e87ff3296}.Debug|Any CPU.Build.0 = Debug|Any CPU
		{74b65e3d-5905-4073-577c-2a33f16dd1b1}.Debug|Any CPU.ActiveCfg = Debug|Any CPU
		{74b65e3d-5905-4073-577c-2a33f16dd1b1}.Debug|Any CPU.Build.0 = Debug|Any CPU
		{c0e51888-8816-14d4-8666-5f434a335aab}.Debug|Any CPU.ActiveCfg = Debug|Any CPU
		{c0e51888-8816-14d4-8666-5f434a335aab}.Debug|Any CPU.Build.0 = Debug|Any CPU
		{0358d45b-9ffa-9324-a525-7ea135789f03}.Debug|Any CPU.ActiveCfg = Debug|Any CPU
		{0358d45b-9ffa-9324-a525-7ea135789f03}.Debug|Any CPU.Build.0 = Debug|Any CPU
		{92c67bf5-0302-54d9-e97e-331ef33770c8}.Debug|Any CPU.ActiveCfg = Debug|Any CPU
		{92c67bf5-0302-54d9-e97e-331ef33770c8}.Debug|Any CPU.Build.0 = Debug|Any CPU
		{8540ade6-cbef-bb4e-c22a-bb7cdef535b3}.Debug|Any CPU.ActiveCfg = Debug|Any CPU
		{8540ade6-cbef-bb4e-c22a-bb7cdef535b3}.Debug|Any CPU.Build.0 = Debug|Any CPU
		{820fb813-e843-32a5-8a54-5fed64fd7d9a}.Debug|Any CPU.ActiveCfg = Debug|Any CPU
		{820fb813-e843-32a5-8a54-5fed64fd7d9a}.Debug|Any CPU.Build.0 = Debug|Any CPU
	EndGlobalSection
	GlobalSection(SolutionProperties) = preSolution
		HideSolutionNode = FALSE
	EndGlobalSection
EndGlobal
